
Microsoft Visual Studio Solution File, Format Version 12.00
# Visual Studio 15
VisualStudioVersion = 15.0.26730.16
MinimumVisualStudioVersion = 10.0.40219.1
Project("{FAE04EC0-301F-11D3-BF4B-00C04F79EFBC}") = "Fuels", "Fuels\Fuels.csproj", "{8AD3B736-7A29-49EB-8D00-2164201605D0}"
EndProject
Global
	GlobalSection(SolutionConfigurationPlatforms) = preSolution
		Debug|Any CPU = Debug|Any CPU
		Release|Any CPU = Release|Any CPU
	EndGlobalSection
	GlobalSection(ProjectConfigurationPlatforms) = postSolution
		{8AD3B736-7A29-49EB-8D00-2164201605D0}.Debug|Any CPU.ActiveCfg = Debug|Any CPU
		{8AD3B736-7A29-49EB-8D00-2164201605D0}.Debug|Any CPU.Build.0 = Debug|Any CPU
		{8AD3B736-7A29-49EB-8D00-2164201605D0}.Release|Any CPU.ActiveCfg = Release|Any CPU
		{8AD3B736-7A29-49EB-8D00-2164201605D0}.Release|Any CPU.Build.0 = Release|Any CPU
	EndGlobalSection
	GlobalSection(SolutionProperties) = preSolution
		HideSolutionNode = FALSE
	EndGlobalSection
	GlobalSection(ExtensibilityGlobals) = postSolution
		SolutionGuid = {64985487-92CB-446A-8879-16CAB9715A98}
	EndGlobalSection
EndGlobal
