
Microsoft Visual Studio Solution File, Format Version 12.00
# Visual Studio Version 17
VisualStudioVersion = 17.3.32929.385
MinimumVisualStudioVersion = 10.0.40219.1
Project("{9A19103F-16F7-4668-BE54-9A1E7A4F7556}") = "FuelStation", "FuelStation\FuelStation.csproj", "{8AD3B736-7A29-49EB-8D00-2164201605D0}"
	ProjectSection(ProjectDependencies) = postProject
		{876BE443-928A-4CD7-AD7F-4B0126D301F9} = {876BE443-928A-4CD7-AD7F-4B0126D301F9}
	EndProjectSection
EndProject
Project("{9A19103F-16F7-4668-BE54-9A1E7A4F7556}") = "FuelStation.DataLayer", "FuelStation.DataLayer\FuelStation.DataLayer.csproj", "{876BE443-928A-4CD7-AD7F-4B0126D301F9}"
EndProject
Global
	GlobalSection(SolutionConfigurationPlatforms) = preSolution
		Debug|Any CPU = Debug|Any CPU
		Release|Any CPU = Release|Any CPU
	EndGlobalSection
	GlobalSection(ProjectConfigurationPlatforms) = postSolution
		{8AD3B736-7A29-49EB-8D00-2164201605D0}.Debug|Any CPU.ActiveCfg = Debug|Any CPU
		{8AD3B736-7A29-49EB-8D00-2164201605D0}.Debug|Any CPU.Build.0 = Debug|Any CPU
		{8AD3B736-7A29-49EB-8D00-2164201605D0}.Release|Any CPU.ActiveCfg = Release|Any CPU
		{8AD3B736-7A29-49EB-8D00-2164201605D0}.Release|Any CPU.Build.0 = Release|Any CPU
		{876BE443-928A-4CD7-AD7F-4B0126D301F9}.Debug|Any CPU.ActiveCfg = Debug|Any CPU
		{876BE443-928A-4CD7-AD7F-4B0126D301F9}.Debug|Any CPU.Build.0 = Debug|Any CPU
		{876BE443-928A-4CD7-AD7F-4B0126D301F9}.Release|Any CPU.ActiveCfg = Release|Any CPU
		{876BE443-928A-4CD7-AD7F-4B0126D301F9}.Release|Any CPU.Build.0 = Release|Any CPU
	EndGlobalSection
	GlobalSection(SolutionProperties) = preSolution
		HideSolutionNode = FALSE
	EndGlobalSection
	GlobalSection(ExtensibilityGlobals) = postSolution
		SolutionGuid = {64985487-92CB-446A-8879-16CAB9715A98}
	EndGlobalSection
EndGlobal
